
Microsoft Visual Studio Solution File, Format Version 12.00
# Visual Studio Version 16
VisualStudioVersion = 16.0.31112.23
MinimumVisualStudioVersion = 10.0.40219.1
Project("{FAE04EC0-301F-11D3-BF4B-00C04F79EFBC}") = "WpfRoutedEvent_2_1", "WpfRoutedEvent_2_1\WpfRoutedEvent_2_1.csproj", "{DE10494F-5A7C-41B8-B68F-329124984F9F}"
EndProject
Global
	GlobalSection(SolutionConfigurationPlatforms) = preSolution
		Debug|Any CPU = Debug|Any CPU
		Release|Any CPU = Release|Any CPU
	EndGlobalSection
	GlobalSection(ProjectConfigurationPlatforms) = postSolution
		{DE10494F-5A7C-41B8-B68F-329124984F9F}.Debug|Any CPU.ActiveCfg = Debug|Any CPU
		{DE10494F-5A7C-41B8-B68F-329124984F9F}.Debug|Any CPU.Build.0 = Debug|Any CPU
		{DE10494F-5A7C-41B8-B68F-329124984F9F}.Release|Any CPU.ActiveCfg = Release|Any CPU
		{DE10494F-5A7C-41B8-B68F-329124984F9F}.Release|Any CPU.Build.0 = Release|Any CPU
	EndGlobalSection
	GlobalSection(SolutionProperties) = preSolution
		HideSolutionNode = FALSE
	EndGlobalSection
	GlobalSection(ExtensibilityGlobals) = postSolution
		SolutionGuid = {30B1000A-442B-4A68-90FA-81AE59B6E619}
	EndGlobalSection
EndGlobal
