
Microsoft Visual Studio Solution File, Format Version 12.00
# Visual Studio Version 16
VisualStudioVersion = 16.0.31112.23
MinimumVisualStudioVersion = 10.0.40219.1
Project("{FAE04EC0-301F-11D3-BF4B-00C04F79EFBC}") = "WPFHello", "WPFHello\WPFHello.csproj", "{9CA81E74-01DE-4852-99DF-376869F1BBEF}"
EndProject
Global
	GlobalSection(SolutionConfigurationPlatforms) = preSolution
		Debug|Any CPU = Debug|Any CPU
		Release|Any CPU = Release|Any CPU
	EndGlobalSection
	GlobalSection(ProjectConfigurationPlatforms) = postSolution
		{9CA81E74-01DE-4852-99DF-376869F1BBEF}.Debug|Any CPU.ActiveCfg = Debug|Any CPU
		{9CA81E74-01DE-4852-99DF-376869F1BBEF}.Debug|Any CPU.Build.0 = Debug|Any CPU
		{9CA81E74-01DE-4852-99DF-376869F1BBEF}.Release|Any CPU.ActiveCfg = Release|Any CPU
		{9CA81E74-01DE-4852-99DF-376869F1BBEF}.Release|Any CPU.Build.0 = Release|Any CPU
	EndGlobalSection
	GlobalSection(SolutionProperties) = preSolution
		HideSolutionNode = FALSE
	EndGlobalSection
	GlobalSection(ExtensibilityGlobals) = postSolution
		SolutionGuid = {19BFC766-6E54-4BC7-B03C-F658384B41D8}
	EndGlobalSection
EndGlobal
