
Microsoft Visual Studio Solution File, Format Version 12.00
# Visual Studio Version 16
VisualStudioVersion = 16.0.31112.23
MinimumVisualStudioVersion = 10.0.40219.1
Project("{FAE04EC0-301F-11D3-BF4B-00C04F79EFBC}") = "WpfUserControl", "WpfUserControl\WpfUserControl.csproj", "{B9ACE352-52CA-4675-B0AE-9A357C1935F4}"
EndProject
Global
	GlobalSection(SolutionConfigurationPlatforms) = preSolution
		Debug|Any CPU = Debug|Any CPU
		Release|Any CPU = Release|Any CPU
	EndGlobalSection
	GlobalSection(ProjectConfigurationPlatforms) = postSolution
		{B9ACE352-52CA-4675-B0AE-9A357C1935F4}.Debug|Any CPU.ActiveCfg = Debug|Any CPU
		{B9ACE352-52CA-4675-B0AE-9A357C1935F4}.Debug|Any CPU.Build.0 = Debug|Any CPU
		{B9ACE352-52CA-4675-B0AE-9A357C1935F4}.Release|Any CPU.ActiveCfg = Release|Any CPU
		{B9ACE352-52CA-4675-B0AE-9A357C1935F4}.Release|Any CPU.Build.0 = Release|Any CPU
	EndGlobalSection
	GlobalSection(SolutionProperties) = preSolution
		HideSolutionNode = FALSE
	EndGlobalSection
	GlobalSection(ExtensibilityGlobals) = postSolution
		SolutionGuid = {B2F4CBD9-85F9-4F85-8940-E544B619A536}
	EndGlobalSection
EndGlobal
