
Microsoft Visual Studio Solution File, Format Version 12.00
# Visual Studio Version 16
VisualStudioVersion = 16.0.31112.23
MinimumVisualStudioVersion = 10.0.40219.1
Project("{FAE04EC0-301F-11D3-BF4B-00C04F79EFBC}") = "NCommand", "NCommand\NCommand.csproj", "{DB78D1AA-3096-4A26-8B15-5DF1ED904A8C}"
EndProject
Global
	GlobalSection(SolutionConfigurationPlatforms) = preSolution
		Debug|Any CPU = Debug|Any CPU
		Release|Any CPU = Release|Any CPU
	EndGlobalSection
	GlobalSection(ProjectConfigurationPlatforms) = postSolution
		{DB78D1AA-3096-4A26-8B15-5DF1ED904A8C}.Debug|Any CPU.ActiveCfg = Debug|Any CPU
		{DB78D1AA-3096-4A26-8B15-5DF1ED904A8C}.Debug|Any CPU.Build.0 = Debug|Any CPU
		{DB78D1AA-3096-4A26-8B15-5DF1ED904A8C}.Release|Any CPU.ActiveCfg = Release|Any CPU
		{DB78D1AA-3096-4A26-8B15-5DF1ED904A8C}.Release|Any CPU.Build.0 = Release|Any CPU
	EndGlobalSection
	GlobalSection(SolutionProperties) = preSolution
		HideSolutionNode = FALSE
	EndGlobalSection
	GlobalSection(ExtensibilityGlobals) = postSolution
		SolutionGuid = {8C8B6E38-AE4E-4913-8F67-585B306C3361}
	EndGlobalSection
EndGlobal
